
Microsoft Visual Studio Solution File, Format Version 12.00
# Visual Studio Version 16
VisualStudioVersion = 16.0.29709.97
MinimumVisualStudioVersion = 10.0.40219.1
Project("{FAE04EC0-301F-11D3-BF4B-00C04F79EFBC}") = "RepositoryWebApi", "Repository\RepositoryWebApi.csproj", "{CF1A814A-115C-4BD0-95F4-602139F7470F}"
EndProject
Project("{FAE04EC0-301F-11D3-BF4B-00C04F79EFBC}") = "WebApi", "WebApi\WebApi.csproj", "{E6AA081E-1759-451B-90AA-AB618A79D969}"
EndProject
Global
	GlobalSection(SolutionConfigurationPlatforms) = preSolution
		Debug|Any CPU = Debug|Any CPU
		Release|Any CPU = Release|Any CPU
	EndGlobalSection
	GlobalSection(ProjectConfigurationPlatforms) = postSolution
		{CF1A814A-115C-4BD0-95F4-602139F7470F}.Debug|Any CPU.ActiveCfg = Debug|Any CPU
		{CF1A814A-115C-4BD0-95F4-602139F7470F}.Debug|Any CPU.Build.0 = Debug|Any CPU
		{CF1A814A-115C-4BD0-95F4-602139F7470F}.Release|Any CPU.ActiveCfg = Release|Any CPU
		{CF1A814A-115C-4BD0-95F4-602139F7470F}.Release|Any CPU.Build.0 = Release|Any CPU
		{E6AA081E-1759-451B-90AA-AB618A79D969}.Debug|Any CPU.ActiveCfg = Debug|Any CPU
		{E6AA081E-1759-451B-90AA-AB618A79D969}.Debug|Any CPU.Build.0 = Debug|Any CPU
		{E6AA081E-1759-451B-90AA-AB618A79D969}.Release|Any CPU.ActiveCfg = Release|Any CPU
		{E6AA081E-1759-451B-90AA-AB618A79D969}.Release|Any CPU.Build.0 = Release|Any CPU
	EndGlobalSection
	GlobalSection(SolutionProperties) = preSolution
		HideSolutionNode = FALSE
	EndGlobalSection
	GlobalSection(ExtensibilityGlobals) = postSolution
		SolutionGuid = {09F27046-3206-4AF8-BB50-6E2C3716E1A9}
	EndGlobalSection
EndGlobal
